
Microsoft Visual Studio Solution File, Format Version 12.00
# Visual Studio Version 16
VisualStudioVersion = 25.0.1706.10
MinimumVisualStudioVersion = 10.0.40219.1
Project("{FAE04EC0-301F-11D3-BF4B-00C04F79EFBC}") = "20240326_Lesson1", "20240326_Lesson1.csproj", "{095FD486-2E69-4CFA-B1FF-292C62F3AF01}"
EndProject
Project("{FAE04EC0-301F-11D3-BF4B-00C04F79EFBC}") = "202403026_HW1", "..\202403026_HW1\202403026_HW1.csproj", "{A675D7A7-1B4E-456A-8150-C81AFE2873EB}"
EndProject
Project("{FAE04EC0-301F-11D3-BF4B-00C04F79EFBC}") = "20240327_Lesson3_Types", "..\20240327_Lesson3\20240327_Lesson3_Types.csproj", "{5C334167-E14C-48A3-8FF3-5B3EF1BE221B}"
EndProject
Project("{FAE04EC0-301F-11D3-BF4B-00C04F79EFBC}") = "20240327_HW2", "20240327_HW2\20240327_HW2.csproj", "{DAD2254A-4DFF-43B8-9488-B41A781414FE}"
EndProject
Project("{FAE04EC0-301F-11D3-BF4B-00C04F79EFBC}") = "20240329_Lesson4", "20240329_Lesson4\20240329_Lesson4.csproj", "{649EAEC1-1E69-4569-BA6F-BD52F13BC1C1}"
EndProject
Project("{FAE04EC0-301F-11D3-BF4B-00C04F79EFBC}") = "20240329_HW3", "20240329_HW4\20240329_HW3.csproj", "{2B2D979B-3BFF-41FE-A0A9-CC09C2E899E9}"
EndProject
Project("{FAE04EC0-301F-11D3-BF4B-00C04F79EFBC}") = "20240329_Lesson8", "20240329_Lesson7\20240329_Lesson8.csproj", "{0D6AA9D4-853D-4B1F-88F9-C7ADAEF3DA70}"
EndProject
Project("{FAE04EC0-301F-11D3-BF4B-00C04F79EFBC}") = "20240401_Lesson9", "20240401_Lesson8\20240401_Lesson9.csproj", "{3138EA79-982F-4AC3-8009-9E5F1F8F9BA4}"
EndProject
Project("{FAE04EC0-301F-11D3-BF4B-00C04F79EFBC}") = "20240402_Lesson5", "20240402_Lesson5\20240402_Lesson5.csproj", "{9470F675-F4A2-41D3-8AD7-0CFA6C30A4F3}"
EndProject
Project("{FAE04EC0-301F-11D3-BF4B-00C04F79EFBC}") = "20240402_HW5", "20240402_HW5\20240402_HW5.csproj", "{38A61BE4-8E4D-49FB-B4DC-4BCC8A4B0BE8}"
EndProject
Project("{FAE04EC0-301F-11D3-BF4B-00C04F79EFBC}") = "20240402_Lesson6", "20240402_Lesson6\20240402_Lesson6.csproj", "{F0F9D608-21D3-450D-A3CE-EA0F17A30990}"
EndProject
Project("{FAE04EC0-301F-11D3-BF4B-00C04F79EFBC}") = "20240402_HW6", "20240402_HW6\20240402_HW6.csproj", "{8438CA3A-3C54-4214-9D02-8AD344B57201}"
EndProject
Project("{FAE04EC0-301F-11D3-BF4B-00C04F79EFBC}") = "20240402_Lesson7", "20240402_Lesson7\20240402_Lesson7.csproj", "{62AE9DF6-7D6D-42C9-9453-021733F85B81}"
EndProject
Project("{FAE04EC0-301F-11D3-BF4B-00C04F79EFBC}") = "20240402_HW7", "20240402_HW7\20240402_HW7.csproj", "{AE1B070C-353D-4E5B-9398-C604B3739203}"
EndProject
Project("{FAE04EC0-301F-11D3-BF4B-00C04F79EFBC}") = "20240403_HW8", "20240403_HW8\20240403_HW8.csproj", "{A31E1136-1483-4655-91A0-2A1B6D993D73}"
EndProject
Global
	GlobalSection(SolutionConfigurationPlatforms) = preSolution
		Debug|Any CPU = Debug|Any CPU
		Release|Any CPU = Release|Any CPU
	EndGlobalSection
	GlobalSection(ProjectConfigurationPlatforms) = postSolution
		{095FD486-2E69-4CFA-B1FF-292C62F3AF01}.Debug|Any CPU.ActiveCfg = Debug|Any CPU
		{095FD486-2E69-4CFA-B1FF-292C62F3AF01}.Debug|Any CPU.Build.0 = Debug|Any CPU
		{095FD486-2E69-4CFA-B1FF-292C62F3AF01}.Release|Any CPU.ActiveCfg = Release|Any CPU
		{095FD486-2E69-4CFA-B1FF-292C62F3AF01}.Release|Any CPU.Build.0 = Release|Any CPU
		{A675D7A7-1B4E-456A-8150-C81AFE2873EB}.Debug|Any CPU.ActiveCfg = Debug|Any CPU
		{A675D7A7-1B4E-456A-8150-C81AFE2873EB}.Debug|Any CPU.Build.0 = Debug|Any CPU
		{A675D7A7-1B4E-456A-8150-C81AFE2873EB}.Release|Any CPU.ActiveCfg = Release|Any CPU
		{A675D7A7-1B4E-456A-8150-C81AFE2873EB}.Release|Any CPU.Build.0 = Release|Any CPU
		{5C334167-E14C-48A3-8FF3-5B3EF1BE221B}.Debug|Any CPU.ActiveCfg = Debug|Any CPU
		{5C334167-E14C-48A3-8FF3-5B3EF1BE221B}.Debug|Any CPU.Build.0 = Debug|Any CPU
		{5C334167-E14C-48A3-8FF3-5B3EF1BE221B}.Release|Any CPU.ActiveCfg = Release|Any CPU
		{5C334167-E14C-48A3-8FF3-5B3EF1BE221B}.Release|Any CPU.Build.0 = Release|Any CPU
		{DAD2254A-4DFF-43B8-9488-B41A781414FE}.Debug|Any CPU.ActiveCfg = Debug|Any CPU
		{DAD2254A-4DFF-43B8-9488-B41A781414FE}.Debug|Any CPU.Build.0 = Debug|Any CPU
		{DAD2254A-4DFF-43B8-9488-B41A781414FE}.Release|Any CPU.ActiveCfg = Release|Any CPU
		{DAD2254A-4DFF-43B8-9488-B41A781414FE}.Release|Any CPU.Build.0 = Release|Any CPU
		{649EAEC1-1E69-4569-BA6F-BD52F13BC1C1}.Debug|Any CPU.ActiveCfg = Debug|Any CPU
		{649EAEC1-1E69-4569-BA6F-BD52F13BC1C1}.Debug|Any CPU.Build.0 = Debug|Any CPU
		{649EAEC1-1E69-4569-BA6F-BD52F13BC1C1}.Release|Any CPU.ActiveCfg = Release|Any CPU
		{649EAEC1-1E69-4569-BA6F-BD52F13BC1C1}.Release|Any CPU.Build.0 = Release|Any CPU
		{2B2D979B-3BFF-41FE-A0A9-CC09C2E899E9}.Debug|Any CPU.ActiveCfg = Debug|Any CPU
		{2B2D979B-3BFF-41FE-A0A9-CC09C2E899E9}.Debug|Any CPU.Build.0 = Debug|Any CPU
		{2B2D979B-3BFF-41FE-A0A9-CC09C2E899E9}.Release|Any CPU.ActiveCfg = Release|Any CPU
		{2B2D979B-3BFF-41FE-A0A9-CC09C2E899E9}.Release|Any CPU.Build.0 = Release|Any CPU
		{0D6AA9D4-853D-4B1F-88F9-C7ADAEF3DA70}.Debug|Any CPU.ActiveCfg = Debug|Any CPU
		{0D6AA9D4-853D-4B1F-88F9-C7ADAEF3DA70}.Debug|Any CPU.Build.0 = Debug|Any CPU
		{0D6AA9D4-853D-4B1F-88F9-C7ADAEF3DA70}.Release|Any CPU.ActiveCfg = Release|Any CPU
		{0D6AA9D4-853D-4B1F-88F9-C7ADAEF3DA70}.Release|Any CPU.Build.0 = Release|Any CPU
		{3138EA79-982F-4AC3-8009-9E5F1F8F9BA4}.Debug|Any CPU.ActiveCfg = Debug|Any CPU
		{3138EA79-982F-4AC3-8009-9E5F1F8F9BA4}.Debug|Any CPU.Build.0 = Debug|Any CPU
		{3138EA79-982F-4AC3-8009-9E5F1F8F9BA4}.Release|Any CPU.ActiveCfg = Release|Any CPU
		{3138EA79-982F-4AC3-8009-9E5F1F8F9BA4}.Release|Any CPU.Build.0 = Release|Any CPU
		{9470F675-F4A2-41D3-8AD7-0CFA6C30A4F3}.Debug|Any CPU.ActiveCfg = Debug|Any CPU
		{9470F675-F4A2-41D3-8AD7-0CFA6C30A4F3}.Debug|Any CPU.Build.0 = Debug|Any CPU
		{9470F675-F4A2-41D3-8AD7-0CFA6C30A4F3}.Release|Any CPU.ActiveCfg = Release|Any CPU
		{9470F675-F4A2-41D3-8AD7-0CFA6C30A4F3}.Release|Any CPU.Build.0 = Release|Any CPU
		{38A61BE4-8E4D-49FB-B4DC-4BCC8A4B0BE8}.Debug|Any CPU.ActiveCfg = Debug|Any CPU
		{38A61BE4-8E4D-49FB-B4DC-4BCC8A4B0BE8}.Debug|Any CPU.Build.0 = Debug|Any CPU
		{38A61BE4-8E4D-49FB-B4DC-4BCC8A4B0BE8}.Release|Any CPU.ActiveCfg = Release|Any CPU
		{38A61BE4-8E4D-49FB-B4DC-4BCC8A4B0BE8}.Release|Any CPU.Build.0 = Release|Any CPU
		{F0F9D608-21D3-450D-A3CE-EA0F17A30990}.Debug|Any CPU.ActiveCfg = Debug|Any CPU
		{F0F9D608-21D3-450D-A3CE-EA0F17A30990}.Debug|Any CPU.Build.0 = Debug|Any CPU
		{F0F9D608-21D3-450D-A3CE-EA0F17A30990}.Release|Any CPU.ActiveCfg = Release|Any CPU
		{F0F9D608-21D3-450D-A3CE-EA0F17A30990}.Release|Any CPU.Build.0 = Release|Any CPU
		{8438CA3A-3C54-4214-9D02-8AD344B57201}.Debug|Any CPU.ActiveCfg = Debug|Any CPU
		{8438CA3A-3C54-4214-9D02-8AD344B57201}.Debug|Any CPU.Build.0 = Debug|Any CPU
		{8438CA3A-3C54-4214-9D02-8AD344B57201}.Release|Any CPU.ActiveCfg = Release|Any CPU
		{8438CA3A-3C54-4214-9D02-8AD344B57201}.Release|Any CPU.Build.0 = Release|Any CPU
		{62AE9DF6-7D6D-42C9-9453-021733F85B81}.Debug|Any CPU.ActiveCfg = Debug|Any CPU
		{62AE9DF6-7D6D-42C9-9453-021733F85B81}.Debug|Any CPU.Build.0 = Debug|Any CPU
		{62AE9DF6-7D6D-42C9-9453-021733F85B81}.Release|Any CPU.ActiveCfg = Release|Any CPU
		{62AE9DF6-7D6D-42C9-9453-021733F85B81}.Release|Any CPU.Build.0 = Release|Any CPU
		{AE1B070C-353D-4E5B-9398-C604B3739203}.Debug|Any CPU.ActiveCfg = Debug|Any CPU
		{AE1B070C-353D-4E5B-9398-C604B3739203}.Debug|Any CPU.Build.0 = Debug|Any CPU
		{AE1B070C-353D-4E5B-9398-C604B3739203}.Release|Any CPU.ActiveCfg = Release|Any CPU
		{AE1B070C-353D-4E5B-9398-C604B3739203}.Release|Any CPU.Build.0 = Release|Any CPU
		{A31E1136-1483-4655-91A0-2A1B6D993D73}.Debug|Any CPU.ActiveCfg = Debug|Any CPU
		{A31E1136-1483-4655-91A0-2A1B6D993D73}.Debug|Any CPU.Build.0 = Debug|Any CPU
		{A31E1136-1483-4655-91A0-2A1B6D993D73}.Release|Any CPU.ActiveCfg = Release|Any CPU
		{A31E1136-1483-4655-91A0-2A1B6D993D73}.Release|Any CPU.Build.0 = Release|Any CPU
	EndGlobalSection
	GlobalSection(SolutionProperties) = preSolution
		HideSolutionNode = FALSE
	EndGlobalSection
	GlobalSection(ExtensibilityGlobals) = postSolution
		SolutionGuid = {8CEE5ED5-AF73-4644-B65F-A8B134EF6032}
	EndGlobalSection
EndGlobal
